<?xml version="1.0" encoding="utf-8"?>
<Project ToolsVersion="4.0" xmlns="http://schemas.microsoft.com/developer/msbuild/2003">
  <ItemGroup>
    <Filter Include="Misc">
      <UniqueIdentifier>{804d62c9-365f-4c32-95b4-6592100e3bbb}</UniqueIdentifier>
    </Filter>
    <Filter Include="Doc">
      <UniqueIdentifier>{5c1ff405-fe08-46d8-8429-7088d2966bec}</UniqueIdentifier>
    </Filter>
  </ItemGroup>
  <ItemGroup>
    <ClInclude Include="StdAfx.h" />
    <ClInclude Include="$(IDASUPPORT)\Utility.h">
      <Filter>Misc</Filter>
    </ClInclude>
    <ClInclude Include="$(IDAWAITBOX)\WaitBoxEx.h">
      <Filter>Misc</Filter>
    </ClInclude>
  </ItemGroup>
  <ItemGroup>
    <ClCompile Include="Main.cpp" />
    <ClCompile Include="$(IDASUPPORT)\Utility.cpp">
      <Filter>Misc</Filter>
    </ClCompile>
  </ItemGroup>
  <ItemGroup>
    <Text Include="FunctionStringAssociate.txt">
      <Filter>Doc</Filter>
    </Text>
  </ItemGroup>
</Project>